{
  "name": "netlify-plugin-github-dispatch",
  "version": "1.0.0",
  "lockfileVersion": 1,
  "requires": true,
  "dependencies": {
    "debug": {
      "version": "4.3.1",
      "resolved": "https://registry.npmjs.org/debug/-/debug-4.3.1.tgz",
      "integrity": "sha512-doEwdvm4PCeK4K3RQN2ZC2BYUBaxwLARCqZmMjtF8a51J2Rb0xpVloFRnCODwqjpwnAoao4pelN8l3RJdv3gRQ==",
      "requires": {
        "ms": "2.1.2"
      }
    },
    "ms": {
      "version": "2.1.2",
      "resolved": "https://registry.npmjs.org/ms/-/ms-2.1.2.tgz",
      "integrity": "sha512-sGkPx+VjMtmA6MX27oA4FBFELFCZZ4S4XqeGOXCv68tT+jb3vk/RyaKWP0PTKyWtmLSM0b+adUTEvbs1PEaH2w=="
    },
    "prettier": {
      "version": "2.2.1",
      "resolved": "https://registry.npmjs.org/prettier/-/prettier-2.2.1.tgz",
      "integrity": "sha512-PqyhM2yCjg/oKkFPtTGUojv7gnZAoG80ttl45O6x2Ug/rMJw4wcc9k6aaf2hibP7BGVCCM33gZoGjyvt9mm16Q==",
      "dev": true
    }
  }
}
